
Microsoft Visual Studio Solution File, Format Version 12.00
# Visual Studio Version 17
VisualStudioVersion = 17.11.35222.181
MinimumVisualStudioVersion = 10.0.40219.1
Project("{D2ABAB84-BF74-430A-B69E-9DC6D40DDA17}") = "SSAS_TRANSACCIONES_BANCARIAS", "SSAS_TRANSACCIONES_BANCARIAS.dwproj", "{1F3B6681-0200-43A0-9549-8AF7A939BF37}"
EndProject
Global
	GlobalSection(SolutionConfigurationPlatforms) = preSolution
		Development|Default = Development|Default
	EndGlobalSection
	GlobalSection(ProjectConfigurationPlatforms) = postSolution
		{1F3B6681-0200-43A0-9549-8AF7A939BF37}.Development|Default.ActiveCfg = Development
		{1F3B6681-0200-43A0-9549-8AF7A939BF37}.Development|Default.Build.0 = Development
		{1F3B6681-0200-43A0-9549-8AF7A939BF37}.Development|Default.Deploy.0 = Development
	EndGlobalSection
	GlobalSection(SolutionProperties) = preSolution
		HideSolutionNode = FALSE
	EndGlobalSection
	GlobalSection(ExtensibilityGlobals) = postSolution
		SolutionGuid = {1739870E-5039-4302-94E0-1FED644BCD1A}
	EndGlobalSection
EndGlobal
